# This file is automatically @generated by Cargo.
# It is not intended for manual editing.
version = 4

[[package]]
name = "scaleforge"
version = "0.0.0"
dependencies = [
 "sf-analysis",
 "sf-classic",
 "sf-compute",
 "sf-core",
 "sf-graph",
 "sf-image",
]

[[package]]
name = "sf-analysis"
version = "0.0.0"
dependencies = [
 "sf-core",
 "sf-image",
]

[[package]]
name = "sf-classic"
version = "0.0.0"
dependencies = [
 "sf-analysis",
 "sf-core",
 "sf-image",
]

[[package]]
name = "sf-compute"
version = "0.0.0"
dependencies = [
 "sf-core",
 "sf-graph",
]

[[package]]
name = "sf-core"
version = "0.0.0"

[[package]]
name = "sf-graph"
version = "0.0.0"
dependencies = [
 "sf-core",
]

[[package]]
name = "sf-image"
version = "0.0.0"
dependencies = [
 "sf-core",
]

[[package]]
name = "sf-import"
version = "0.0.0"
dependencies = [
 "sf-compute",
 "sf-core",
 "sf-graph",
 "sf-image",
]
